// !$*UTF8*$!
{
	archiveVersion = 1;
	classes = {
	};
	objectVersion = 50;
	objects = {

/* Begin PBXBuildFile section */
		1A2BE2DF20FF85ED0089C0E0 /* main.c in Sources */ = {isa = PBXBuildFile; fileRef = 1A2BE2DE20FF85ED0089C0E0 /* main.c */; };
		1A2BE2EC210008280089C0E0 /* utils.c in Sources */ = {isa = PBXBuildFile; fileRef = 1A2BE2EB210008280089C0E0 /* utils.c */; };
		1A2BE2EF210008400089C0E0 /* rdparser.c in Sources */ = {isa = PBXBuildFile; fileRef = 1A2BE2EE210008400089C0E0 /* rdparser.c */; };
		1A2BE2F2210008620089C0E0 /* strgen.c in Sources */ = {isa = PBXBuildFile; fileRef = 1A2BE2F1210008620089C0E0 /* strgen.c */; };
/* End PBXBuildFile section */

/* Begin PBXCopyFilesBuildPhase section */
		1A2BE2D920FF85ED0089C0E0 /* CopyFiles */ = {
			isa = PBXCopyFilesBuildPhase;
			buildActionMask = 2147483647;
			dstPath = /usr/share/man/man1/;
			dstSubfolderSpec = 0;
			files = (
			);
			runOnlyForDeploymentPostprocessing = 1;
		};
		1A2BE2F521001CCB0089C0E0 /* CopyFiles */ = {
			isa = PBXCopyFilesBuildPhase;
			buildActionMask = 2147483647;
			dstPath = /usr/share/man/man1/;
			dstSubfolderSpec = 0;
			files = (
			);
			runOnlyForDeploymentPostprocessing = 1;
		};
/* End PBXCopyFilesBuildPhase section */

/* Begin PBXFileReference section */
		1A2BE2DB20FF85ED0089C0E0 /* regen */ = {isa = PBXFileReference; explicitFileType = "compiled.mach-o.executable"; includeInIndex = 0; path = regen; sourceTree = BUILT_PRODUCTS_DIR; };
		1A2BE2DE20FF85ED0089C0E0 /* main.c */ = {isa = PBXFileReference; lastKnownFileType = sourcecode.c.c; path = main.c; sourceTree = "<group>"; };
		1A2BE2E520FFF0660089C0E0 /* global.h */ = {isa = PBXFileReference; lastKnownFileType = sourcecode.c.h; path = global.h; sourceTree = "<group>"; };
		1A2BE2EA210008280089C0E0 /* utils.h */ = {isa = PBXFileReference; lastKnownFileType = sourcecode.c.h; path = utils.h; sourceTree = "<group>"; };
		1A2BE2EB210008280089C0E0 /* utils.c */ = {isa = PBXFileReference; lastKnownFileType = sourcecode.c.c; path = utils.c; sourceTree = "<group>"; };
		1A2BE2ED210008400089C0E0 /* rdparser.h */ = {isa = PBXFileReference; lastKnownFileType = sourcecode.c.h; path = rdparser.h; sourceTree = "<group>"; };
		1A2BE2EE210008400089C0E0 /* rdparser.c */ = {isa = PBXFileReference; lastKnownFileType = sourcecode.c.c; path = rdparser.c; sourceTree = "<group>"; };
		1A2BE2F0210008620089C0E0 /* strgen.h */ = {isa = PBXFileReference; lastKnownFileType = sourcecode.c.h; path = strgen.h; sourceTree = "<group>"; };
		1A2BE2F1210008620089C0E0 /* strgen.c */ = {isa = PBXFileReference; lastKnownFileType = sourcecode.c.c; path = strgen.c; sourceTree = "<group>"; };
		1A2BE2F721001CCB0089C0E0 /* rgxgen */ = {isa = PBXFileReference; explicitFileType = "compiled.mach-o.executable"; includeInIndex = 0; path = rgxgen; sourceTree = BUILT_PRODUCTS_DIR; };
/* End PBXFileReference section */

/* Begin PBXFrameworksBuildPhase section */
		1A2BE2D820FF85ED0089C0E0 /* Frameworks */ = {
			isa = PBXFrameworksBuildPhase;
			buildActionMask = 2147483647;
			files = (
			);
			runOnlyForDeploymentPostprocessing = 0;
		};
		1A2BE2F421001CCB0089C0E0 /* Frameworks */ = {
			isa = PBXFrameworksBuildPhase;
			buildActionMask = 2147483647;
			files = (
			);
			runOnlyForDeploymentPostprocessing = 0;
		};
/* End PBXFrameworksBuildPhase section */

/* Begin PBXGroup section */
		1A2BE2D220FF85ED0089C0E0 = {
			isa = PBXGroup;
			children = (
				1A2BE2DD20FF85ED0089C0E0 /* src */,
				1A2BE2DC20FF85ED0089C0E0 /* Products */,
			);
			sourceTree = "<group>";
		};
		1A2BE2DC20FF85ED0089C0E0 /* Products */ = {
			isa = PBXGroup;
			children = (
				1A2BE2DB20FF85ED0089C0E0 /* regen */,
				1A2BE2F721001CCB0089C0E0 /* rgxgen */,
			);
			name = Products;
			sourceTree = "<group>";
		};
		1A2BE2DD20FF85ED0089C0E0 /* src */ = {
			isa = PBXGroup;
			children = (
				1A2BE2DE20FF85ED0089C0E0 /* main.c */,
				1A2BE2E520FFF0660089C0E0 /* global.h */,
				1A2BE2EA210008280089C0E0 /* utils.h */,
				1A2BE2EB210008280089C0E0 /* utils.c */,
				1A2BE2ED210008400089C0E0 /* rdparser.h */,
				1A2BE2EE210008400089C0E0 /* rdparser.c */,
				1A2BE2F0210008620089C0E0 /* strgen.h */,
				1A2BE2F1210008620089C0E0 /* strgen.c */,
				1A2BE30021001D5F0089C0E0 /* objects */,
			);
			path = src;
			sourceTree = "<group>";
		};
		1A2BE30021001D5F0089C0E0 /* objects */ = {
			isa = PBXGroup;
			children = (
			);
			path = objects;
			sourceTree = "<group>";
		};
/* End PBXGroup section */

/* Begin PBXNativeTarget section */
		1A2BE2DA20FF85ED0089C0E0 /* regen */ = {
			isa = PBXNativeTarget;
			buildConfigurationList = 1A2BE2E220FF85ED0089C0E0 /* Build configuration list for PBXNativeTarget "regen" */;
			buildPhases = (
				1A2BE2D720FF85ED0089C0E0 /* Sources */,
				1A2BE2D820FF85ED0089C0E0 /* Frameworks */,
				1A2BE2D920FF85ED0089C0E0 /* CopyFiles */,
			);
			buildRules = (
			);
			dependencies = (
			);
			name = regen;
			productName = regen;
			productReference = 1A2BE2DB20FF85ED0089C0E0 /* regen */;
			productType = "com.apple.product-type.tool";
		};
		1A2BE2F621001CCB0089C0E0 /* rgxgen */ = {
			isa = PBXNativeTarget;
			buildConfigurationList = 1A2BE2FD21001CCB0089C0E0 /* Build configuration list for PBXNativeTarget "rgxgen" */;
			buildPhases = (
				1A2BE2F321001CCB0089C0E0 /* Sources */,
				1A2BE2F421001CCB0089C0E0 /* Frameworks */,
				1A2BE2F521001CCB0089C0E0 /* CopyFiles */,
			);
			buildRules = (
			);
			dependencies = (
			);
			name = rgxgen;
			productName = rgxgen;
			productReference = 1A2BE2F721001CCB0089C0E0 /* rgxgen */;
			productType = "com.apple.product-type.tool";
		};
/* End PBXNativeTarget section */

/* Begin PBXProject section */
		1A2BE2D320FF85ED0089C0E0 /* Project object */ = {
			isa = PBXProject;
			attributes = {
				LastUpgradeCheck = 0940;
				ORGANIZATIONNAME = "Luke  Dramko";
				TargetAttributes = {
					1A2BE2DA20FF85ED0089C0E0 = {
						CreatedOnToolsVersion = 9.4.1;
					};
					1A2BE2F621001CCB0089C0E0 = {
						CreatedOnToolsVersion = 9.4.1;
					};
				};
			};
			buildConfigurationList = 1A2BE2D620FF85ED0089C0E0 /* Build configuration list for PBXProject "regen" */;
			compatibilityVersion = "Xcode 9.3";
			developmentRegion = en;
			hasScannedForEncodings = 0;
			knownRegions = (
				en,
			);
			mainGroup = 1A2BE2D220FF85ED0089C0E0;
			productRefGroup = 1A2BE2DC20FF85ED0089C0E0 /* Products */;
			projectDirPath = "";
			projectRoot = "";
			targets = (
				1A2BE2DA20FF85ED0089C0E0 /* regen */,
				1A2BE2F621001CCB0089C0E0 /* rgxgen */,
			);
		};
/* End PBXProject section */

/* Begin PBXSourcesBuildPhase section */
		1A2BE2D720FF85ED0089C0E0 /* Sources */ = {
			isa = PBXSourcesBuildPhase;
			buildActionMask = 2147483647;
			files = (
				1A2BE2F2210008620089C0E0 /* strgen.c in Sources */,
				1A2BE2EF210008400089C0E0 /* rdparser.c in Sources */,
				1A2BE2DF20FF85ED0089C0E0 /* main.c in Sources */,
				1A2BE2EC210008280089C0E0 /* utils.c in Sources */,
			);
			runOnlyForDeploymentPostprocessing = 0;
		};
		1A2BE2F321001CCB0089C0E0 /* Sources */ = {
			isa = PBXSourcesBuildPhase;
			buildActionMask = 2147483647;
			files = (
			);
			runOnlyForDeploymentPostprocessing = 0;
		};
/* End PBXSourcesBuildPhase section */

/* Begin XCBuildConfiguration section */
		1A2BE2E020FF85ED0089C0E0 /* Debug */ = {
			isa = XCBuildConfiguration;
			buildSettings = {
				ALWAYS_SEARCH_USER_PATHS = NO;
				CLANG_ANALYZER_NONNULL = YES;
				CLANG_ANALYZER_NUMBER_OBJECT_CONVERSION = YES_AGGRESSIVE;
				CLANG_CXX_LANGUAGE_STANDARD = "gnu++14";
				CLANG_CXX_LIBRARY = "libc++";
				CLANG_ENABLE_MODULES = YES;
				CLANG_ENABLE_OBJC_ARC = YES;
				CLANG_ENABLE_OBJC_WEAK = YES;
				CLANG_WARN_BLOCK_CAPTURE_AUTORELEASING = YES;
				CLANG_WARN_BOOL_CONVERSION = YES;
				CLANG_WARN_COMMA = YES;
				CLANG_WARN_CONSTANT_CONVERSION = YES;
				CLANG_WARN_DEPRECATED_OBJC_IMPLEMENTATIONS = YES;
				CLANG_WARN_DIRECT_OBJC_ISA_USAGE = YES_ERROR;
				CLANG_WARN_DOCUMENTATION_COMMENTS = YES;
				CLANG_WARN_EMPTY_BODY = YES;
				CLANG_WARN_ENUM_CONVERSION = YES;
				CLANG_WARN_INFINITE_RECURSION = YES;
				CLANG_WARN_INT_CONVERSION = YES;
				CLANG_WARN_NON_LITERAL_NULL_CONVERSION = YES;
				CLANG_WARN_OBJC_IMPLICIT_RETAIN_SELF = YES;
				CLANG_WARN_OBJC_LITERAL_CONVERSION = YES;
				CLANG_WARN_OBJC_ROOT_CLASS = YES_ERROR;
				CLANG_WARN_RANGE_LOOP_ANALYSIS = YES;
				CLANG_WARN_STRICT_PROTOTYPES = YES;
				CLANG_WARN_SUSPICIOUS_MOVE = YES;
				CLANG_WARN_UNGUARDED_AVAILABILITY = YES_AGGRESSIVE;
				CLANG_WARN_UNREACHABLE_CODE = YES;
				CLANG_WARN__DUPLICATE_METHOD_MATCH = YES;
				CODE_SIGN_IDENTITY = "-";
				COPY_PHASE_STRIP = NO;
				DEBUG_INFORMATION_FORMAT = dwarf;
				ENABLE_STRICT_OBJC_MSGSEND = YES;
				ENABLE_TESTABILITY = YES;
				GCC_C_LANGUAGE_STANDARD = gnu11;
				GCC_DYNAMIC_NO_PIC = NO;
				GCC_NO_COMMON_BLOCKS = YES;
				GCC_OPTIMIZATION_LEVEL = 0;
				GCC_PREPROCESSOR_DEFINITIONS = (
					"DEBUG=1",
					"$(inherited)",
				);
				GCC_WARN_64_TO_32_BIT_CONVERSION = YES;
				GCC_WARN_ABOUT_RETURN_TYPE = YES_ERROR;
				GCC_WARN_UNDECLARED_SELECTOR = YES;
				GCC_WARN_UNINITIALIZED_AUTOS = YES_AGGRESSIVE;
				GCC_WARN_UNUSED_FUNCTION = YES;
				GCC_WARN_UNUSED_VARIABLE = YES;
				MACOSX_DEPLOYMENT_TARGET = 10.13;
				MTL_ENABLE_DEBUG_INFO = YES;
				ONLY_ACTIVE_ARCH = YES;
				SDKROOT = macosx;
			};
			name = Debug;
		};
		1A2BE2E120FF85ED0089C0E0 /* Release */ = {
			isa = XCBuildConfiguration;
			buildSettings = {
				ALWAYS_SEARCH_USER_PATHS = NO;
				CLANG_ANALYZER_NONNULL = YES;
				CLANG_ANALYZER_NUMBER_OBJECT_CONVERSION = YES_AGGRESSIVE;
				CLANG_CXX_LANGUAGE_STANDARD = "gnu++14";
				CLANG_CXX_LIBRARY = "libc++";
				CLANG_ENABLE_MODULES = YES;
				CLANG_ENABLE_OBJC_ARC = YES;
				CLANG_ENABLE_OBJC_WEAK = YES;
				CLANG_WARN_BLOCK_CAPTURE_AUTORELEASING = YES;
				CLANG_WARN_BOOL_CONVERSION = YES;
				CLANG_WARN_COMMA = YES;
				CLANG_WARN_CONSTANT_CONVERSION = YES;
				CLANG_WARN_DEPRECATED_OBJC_IMPLEMENTATIONS = YES;
				CLANG_WARN_DIRECT_OBJC_ISA_USAGE = YES_ERROR;
				CLANG_WARN_DOCUMENTATION_COMMENTS = YES;
				CLANG_WARN_EMPTY_BODY = YES;
				CLANG_WARN_ENUM_CONVERSION = YES;
				CLANG_WARN_INFINITE_RECURSION = YES;
				CLANG_WARN_INT_CONVERSION = YES;
				CLANG_WARN_NON_LITERAL_NULL_CONVERSION = YES;
				CLANG_WARN_OBJC_IMPLICIT_RETAIN_SELF = YES;
				CLANG_WARN_OBJC_LITERAL_CONVERSION = YES;
				CLANG_WARN_OBJC_ROOT_CLASS = YES_ERROR;
				CLANG_WARN_RANGE_LOOP_ANALYSIS = YES;
				CLANG_WARN_STRICT_PROTOTYPES = YES;
				CLANG_WARN_SUSPICIOUS_MOVE = YES;
				CLANG_WARN_UNGUARDED_AVAILABILITY = YES_AGGRESSIVE;
				CLANG_WARN_UNREACHABLE_CODE = YES;
				CLANG_WARN__DUPLICATE_METHOD_MATCH = YES;
				CODE_SIGN_IDENTITY = "-";
				COPY_PHASE_STRIP = NO;
				DEBUG_INFORMATION_FORMAT = "dwarf-with-dsym";
				ENABLE_NS_ASSERTIONS = NO;
				ENABLE_STRICT_OBJC_MSGSEND = YES;
				GCC_C_LANGUAGE_STANDARD = gnu11;
				GCC_NO_COMMON_BLOCKS = YES;
				GCC_WARN_64_TO_32_BIT_CONVERSION = YES;
				GCC_WARN_ABOUT_RETURN_TYPE = YES_ERROR;
				GCC_WARN_UNDECLARED_SELECTOR = YES;
				GCC_WARN_UNINITIALIZED_AUTOS = YES_AGGRESSIVE;
				GCC_WARN_UNUSED_FUNCTION = YES;
				GCC_WARN_UNUSED_VARIABLE = YES;
				MACOSX_DEPLOYMENT_TARGET = 10.13;
				MTL_ENABLE_DEBUG_INFO = NO;
				SDKROOT = macosx;
			};
			name = Release;
		};
		1A2BE2E320FF85ED0089C0E0 /* Debug */ = {
			isa = XCBuildConfiguration;
			buildSettings = {
				CODE_SIGN_STYLE = Automatic;
				PRODUCT_NAME = "$(TARGET_NAME)";
			};
			name = Debug;
		};
		1A2BE2E420FF85ED0089C0E0 /* Release */ = {
			isa = XCBuildConfiguration;
			buildSettings = {
				CODE_SIGN_STYLE = Automatic;
				PRODUCT_NAME = "$(TARGET_NAME)";
			};
			name = Release;
		};
		1A2BE2FB21001CCB0089C0E0 /* Debug */ = {
			isa = XCBuildConfiguration;
			buildSettings = {
				CODE_SIGN_STYLE = Automatic;
				PRODUCT_NAME = "$(TARGET_NAME)";
			};
			name = Debug;
		};
		1A2BE2FC21001CCB0089C0E0 /* Release */ = {
			isa = XCBuildConfiguration;
			buildSettings = {
				CODE_SIGN_STYLE = Automatic;
				PRODUCT_NAME = "$(TARGET_NAME)";
			};
			name = Release;
		};
/* End XCBuildConfiguration section */

/* Begin XCConfigurationList section */
		1A2BE2D620FF85ED0089C0E0 /* Build configuration list for PBXProject "regen" */ = {
			isa = XCConfigurationList;
			buildConfigurations = (
				1A2BE2E020FF85ED0089C0E0 /* Debug */,
				1A2BE2E120FF85ED0089C0E0 /* Release */,
			);
			defaultConfigurationIsVisible = 0;
			defaultConfigurationName = Release;
		};
		1A2BE2E220FF85ED0089C0E0 /* Build configuration list for PBXNativeTarget "regen" */ = {
			isa = XCConfigurationList;
			buildConfigurations = (
				1A2BE2E320FF85ED0089C0E0 /* Debug */,
				1A2BE2E420FF85ED0089C0E0 /* Release */,
			);
			defaultConfigurationIsVisible = 0;
			defaultConfigurationName = Release;
		};
		1A2BE2FD21001CCB0089C0E0 /* Build configuration list for PBXNativeTarget "rgxgen" */ = {
			isa = XCConfigurationList;
			buildConfigurations = (
				1A2BE2FB21001CCB0089C0E0 /* Debug */,
				1A2BE2FC21001CCB0089C0E0 /* Release */,
			);
			defaultConfigurationIsVisible = 0;
			defaultConfigurationName = Release;
		};
/* End XCConfigurationList section */
	};
	rootObject = 1A2BE2D320FF85ED0089C0E0 /* Project object */;
}
